// !$*UTF8*$!
{
	archiveVersion = 1;
	classes = {
	};
	objectVersion = 50;
	objects = {

/* Begin PBXBuildFile section */
		ED1FC24F21C292F400002FA8 /* AppDelegate.swift in Sources */ = {isa = PBXBuildFile; fileRef = ED1FC24E21C292F400002FA8 /* AppDelegate.swift */; };
		ED1FC25121C292F400002FA8 /* ViewController.swift in Sources */ = {isa = PBXBuildFile; fileRef = ED1FC25021C292F400002FA8 /* ViewController.swift */; };
		ED1FC25421C292F400002FA8 /* Main.storyboard in Resources */ = {isa = PBXBuildFile; fileRef = ED1FC25221C292F400002FA8 /* Main.storyboard */; };
		ED1FC25621C292F900002FA8 /* Assets.xcassets in Resources */ = {isa = PBXBuildFile; fileRef = ED1FC25521C292F900002FA8 /* Assets.xcassets */; };
		ED1FC25921C292F900002FA8 /* LaunchScreen.storyboard in Resources */ = {isa = PBXBuildFile; fileRef = ED1FC25721C292F900002FA8 /* LaunchScreen.storyboard */; };
		ED1FC26421C292F900002FA8 /* SecondTests.swift in Sources */ = {isa = PBXBuildFile; fileRef = ED1FC26321C292F900002FA8 /* SecondTests.swift */; };
		ED1FC26F21C2944D00002FA8 /* House.swift in Sources */ = {isa = PBXBuildFile; fileRef = ED1FC26E21C2944D00002FA8 /* House.swift */; };
/* End PBXBuildFile section */

/* Begin PBXContainerItemProxy section */
		ED1FC26021C292F900002FA8 /* PBXContainerItemProxy */ = {
			isa = PBXContainerItemProxy;
			containerPortal = ED1FC24321C292F400002FA8 /* Project object */;
			proxyType = 1;
			remoteGlobalIDString = ED1FC24A21C292F400002FA8;
			remoteInfo = Second;
		};
/* End PBXContainerItemProxy section */

/* Begin PBXFileReference section */
		ED1FC24B21C292F400002FA8 /* Second.app */ = {isa = PBXFileReference; explicitFileType = wrapper.application; includeInIndex = 0; path = Second.app; sourceTree = BUILT_PRODUCTS_DIR; };
		ED1FC24E21C292F400002FA8 /* AppDelegate.swift */ = {isa = PBXFileReference; lastKnownFileType = sourcecode.swift; path = AppDelegate.swift; sourceTree = "<group>"; };
		ED1FC25021C292F400002FA8 /* ViewController.swift */ = {isa = PBXFileReference; lastKnownFileType = sourcecode.swift; path = ViewController.swift; sourceTree = "<group>"; };
		ED1FC25321C292F400002FA8 /* Base */ = {isa = PBXFileReference; lastKnownFileType = file.storyboard; name = Base; path = Base.lproj/Main.storyboard; sourceTree = "<group>"; };
		ED1FC25521C292F900002FA8 /* Assets.xcassets */ = {isa = PBXFileReference; lastKnownFileType = folder.assetcatalog; path = Assets.xcassets; sourceTree = "<group>"; };
		ED1FC25821C292F900002FA8 /* Base */ = {isa = PBXFileReference; lastKnownFileType = file.storyboard; name = Base; path = Base.lproj/LaunchScreen.storyboard; sourceTree = "<group>"; };
		ED1FC25A21C292F900002FA8 /* Info.plist */ = {isa = PBXFileReference; lastKnownFileType = text.plist.xml; path = Info.plist; sourceTree = "<group>"; };
		ED1FC25F21C292F900002FA8 /* SecondTests.xctest */ = {isa = PBXFileReference; explicitFileType = wrapper.cfbundle; includeInIndex = 0; path = SecondTests.xctest; sourceTree = BUILT_PRODUCTS_DIR; };
		ED1FC26321C292F900002FA8 /* SecondTests.swift */ = {isa = PBXFileReference; lastKnownFileType = sourcecode.swift; path = SecondTests.swift; sourceTree = "<group>"; };
		ED1FC26521C292F900002FA8 /* Info.plist */ = {isa = PBXFileReference; lastKnownFileType = text.plist.xml; path = Info.plist; sourceTree = "<group>"; };
		ED1FC26E21C2944D00002FA8 /* House.swift */ = {isa = PBXFileReference; lastKnownFileType = sourcecode.swift; path = House.swift; sourceTree = "<group>"; };
/* End PBXFileReference section */

/* Begin PBXFrameworksBuildPhase section */
		ED1FC24821C292F400002FA8 /* Frameworks */ = {
			isa = PBXFrameworksBuildPhase;
			buildActionMask = 2147483647;
			files = (
			);
			runOnlyForDeploymentPostprocessing = 0;
		};
		ED1FC25C21C292F900002FA8 /* Frameworks */ = {
			isa = PBXFrameworksBuildPhase;
			buildActionMask = 2147483647;
			files = (
			);
			runOnlyForDeploymentPostprocessing = 0;
		};
/* End PBXFrameworksBuildPhase section */

/* Begin PBXGroup section */
		ED1FC24221C292F400002FA8 = {
			isa = PBXGroup;
			children = (
				ED1FC24D21C292F400002FA8 /* Second */,
				ED1FC26221C292F900002FA8 /* SecondTests */,
				ED1FC24C21C292F400002FA8 /* Products */,
			);
			sourceTree = "<group>";
		};
		ED1FC24C21C292F400002FA8 /* Products */ = {
			isa = PBXGroup;
			children = (
				ED1FC24B21C292F400002FA8 /* Second.app */,
				ED1FC25F21C292F900002FA8 /* SecondTests.xctest */,
			);
			name = Products;
			sourceTree = "<group>";
		};
		ED1FC24D21C292F400002FA8 /* Second */ = {
			isa = PBXGroup;
			children = (
				ED1FC24E21C292F400002FA8 /* AppDelegate.swift */,
				ED1FC25021C292F400002FA8 /* ViewController.swift */,
				ED1FC25221C292F400002FA8 /* Main.storyboard */,
				ED1FC25521C292F900002FA8 /* Assets.xcassets */,
				ED1FC25721C292F900002FA8 /* LaunchScreen.storyboard */,
				ED1FC25A21C292F900002FA8 /* Info.plist */,
				ED1FC26E21C2944D00002FA8 /* House.swift */,
			);
			path = Second;
			sourceTree = "<group>";
		};
		ED1FC26221C292F900002FA8 /* SecondTests */ = {
			isa = PBXGroup;
			children = (
				ED1FC26321C292F900002FA8 /* SecondTests.swift */,
				ED1FC26521C292F900002FA8 /* Info.plist */,
			);
			path = SecondTests;
			sourceTree = "<group>";
		};
/* End PBXGroup section */

/* Begin PBXNativeTarget section */
		ED1FC24A21C292F400002FA8 /* Second */ = {
			isa = PBXNativeTarget;
			buildConfigurationList = ED1FC26821C292F900002FA8 /* Build configuration list for PBXNativeTarget "Second" */;
			buildPhases = (
				ED1FC24721C292F400002FA8 /* Sources */,
				ED1FC24821C292F400002FA8 /* Frameworks */,
				ED1FC24921C292F400002FA8 /* Resources */,
			);
			buildRules = (
			);
			dependencies = (
			);
			name = Second;
			productName = Second;
			productReference = ED1FC24B21C292F400002FA8 /* Second.app */;
			productType = "com.apple.product-type.application";
		};
		ED1FC25E21C292F900002FA8 /* SecondTests */ = {
			isa = PBXNativeTarget;
			buildConfigurationList = ED1FC26B21C292F900002FA8 /* Build configuration list for PBXNativeTarget "SecondTests" */;
			buildPhases = (
				ED1FC25B21C292F900002FA8 /* Sources */,
				ED1FC25C21C292F900002FA8 /* Frameworks */,
				ED1FC25D21C292F900002FA8 /* Resources */,
			);
			buildRules = (
			);
			dependencies = (
				ED1FC26121C292F900002FA8 /* PBXTargetDependency */,
			);
			name = SecondTests;
			productName = SecondTests;
			productReference = ED1FC25F21C292F900002FA8 /* SecondTests.xctest */;
			productType = "com.apple.product-type.bundle.unit-test";
		};
/* End PBXNativeTarget section */

/* Begin PBXProject section */
		ED1FC24321C292F400002FA8 /* Project object */ = {
			isa = PBXProject;
			attributes = {
				LastSwiftUpdateCheck = 1010;
				LastUpgradeCheck = 1010;
				ORGANIZATIONNAME = beshbashbosh;
				TargetAttributes = {
					ED1FC24A21C292F400002FA8 = {
						CreatedOnToolsVersion = 10.1;
					};
					ED1FC25E21C292F900002FA8 = {
						CreatedOnToolsVersion = 10.1;
						TestTargetID = ED1FC24A21C292F400002FA8;
					};
				};
			};
			buildConfigurationList = ED1FC24621C292F400002FA8 /* Build configuration list for PBXProject "Second" */;
			compatibilityVersion = "Xcode 9.3";
			developmentRegion = en;
			hasScannedForEncodings = 0;
			knownRegions = (
				en,
				Base,
			);
			mainGroup = ED1FC24221C292F400002FA8;
			productRefGroup = ED1FC24C21C292F400002FA8 /* Products */;
			projectDirPath = "";
			projectRoot = "";
			targets = (
				ED1FC24A21C292F400002FA8 /* Second */,
				ED1FC25E21C292F900002FA8 /* SecondTests */,
			);
		};
/* End PBXProject section */

/* Begin PBXResourcesBuildPhase section */
		ED1FC24921C292F400002FA8 /* Resources */ = {
			isa = PBXResourcesBuildPhase;
			buildActionMask = 2147483647;
			files = (
				ED1FC25921C292F900002FA8 /* LaunchScreen.storyboard in Resources */,
				ED1FC25621C292F900002FA8 /* Assets.xcassets in Resources */,
				ED1FC25421C292F400002FA8 /* Main.storyboard in Resources */,
			);
			runOnlyForDeploymentPostprocessing = 0;
		};
		ED1FC25D21C292F900002FA8 /* Resources */ = {
			isa = PBXResourcesBuildPhase;
			buildActionMask = 2147483647;
			files = (
			);
			runOnlyForDeploymentPostprocessing = 0;
		};
/* End PBXResourcesBuildPhase section */

/* Begin PBXSourcesBuildPhase section */
		ED1FC24721C292F400002FA8 /* Sources */ = {
			isa = PBXSourcesBuildPhase;
			buildActionMask = 2147483647;
			files = (
				ED1FC25121C292F400002FA8 /* ViewController.swift in Sources */,
				ED1FC26F21C2944D00002FA8 /* House.swift in Sources */,
				ED1FC24F21C292F400002FA8 /* AppDelegate.swift in Sources */,
			);
			runOnlyForDeploymentPostprocessing = 0;
		};
		ED1FC25B21C292F900002FA8 /* Sources */ = {
			isa = PBXSourcesBuildPhase;
			buildActionMask = 2147483647;
			files = (
				ED1FC26421C292F900002FA8 /* SecondTests.swift in Sources */,
			);
			runOnlyForDeploymentPostprocessing = 0;
		};
/* End PBXSourcesBuildPhase section */

/* Begin PBXTargetDependency section */
		ED1FC26121C292F900002FA8 /* PBXTargetDependency */ = {
			isa = PBXTargetDependency;
			target = ED1FC24A21C292F400002FA8 /* Second */;
			targetProxy = ED1FC26021C292F900002FA8 /* PBXContainerItemProxy */;
		};
/* End PBXTargetDependency section */

/* Begin PBXVariantGroup section */
		ED1FC25221C292F400002FA8 /* Main.storyboard */ = {
			isa = PBXVariantGroup;
			children = (
				ED1FC25321C292F400002FA8 /* Base */,
			);
			name = Main.storyboard;
			sourceTree = "<group>";
		};
		ED1FC25721C292F900002FA8 /* LaunchScreen.storyboard */ = {
			isa = PBXVariantGroup;
			children = (
				ED1FC25821C292F900002FA8 /* Base */,
			);
			name = LaunchScreen.storyboard;
			sourceTree = "<group>";
		};
/* End PBXVariantGroup section */

/* Begin XCBuildConfiguration section */
		ED1FC26621C292F900002FA8 /* Debug */ = {
			isa = XCBuildConfiguration;
			buildSettings = {
				ALWAYS_SEARCH_USER_PATHS = NO;
				CLANG_ANALYZER_NONNULL = YES;
				CLANG_ANALYZER_NUMBER_OBJECT_CONVERSION = YES_AGGRESSIVE;
				CLANG_CXX_LANGUAGE_STANDARD = "gnu++14";
				CLANG_CXX_LIBRARY = "libc++";
				CLANG_ENABLE_MODULES = YES;
				CLANG_ENABLE_OBJC_ARC = YES;
				CLANG_ENABLE_OBJC_WEAK = YES;
				CLANG_WARN_BLOCK_CAPTURE_AUTORELEASING = YES;
				CLANG_WARN_BOOL_CONVERSION = YES;
				CLANG_WARN_COMMA = YES;
				CLANG_WARN_CONSTANT_CONVERSION = YES;
				CLANG_WARN_DEPRECATED_OBJC_IMPLEMENTATIONS = YES;
				CLANG_WARN_DIRECT_OBJC_ISA_USAGE = YES_ERROR;
				CLANG_WARN_DOCUMENTATION_COMMENTS = YES;
				CLANG_WARN_EMPTY_BODY = YES;
				CLANG_WARN_ENUM_CONVERSION = YES;
				CLANG_WARN_INFINITE_RECURSION = YES;
				CLANG_WARN_INT_CONVERSION = YES;
				CLANG_WARN_NON_LITERAL_NULL_CONVERSION = YES;
				CLANG_WARN_OBJC_IMPLICIT_RETAIN_SELF = YES;
				CLANG_WARN_OBJC_LITERAL_CONVERSION = YES;
				CLANG_WARN_OBJC_ROOT_CLASS = YES_ERROR;
				CLANG_WARN_RANGE_LOOP_ANALYSIS = YES;
				CLANG_WARN_STRICT_PROTOTYPES = YES;
				CLANG_WARN_SUSPICIOUS_MOVE = YES;
				CLANG_WARN_UNGUARDED_AVAILABILITY = YES_AGGRESSIVE;
				CLANG_WARN_UNREACHABLE_CODE = YES;
				CLANG_WARN__DUPLICATE_METHOD_MATCH = YES;
				CODE_SIGN_IDENTITY = "iPhone Developer";
				COPY_PHASE_STRIP = NO;
				DEBUG_INFORMATION_FORMAT = dwarf;
				ENABLE_STRICT_OBJC_MSGSEND = YES;
				ENABLE_TESTABILITY = YES;
				GCC_C_LANGUAGE_STANDARD = gnu11;
				GCC_DYNAMIC_NO_PIC = NO;
				GCC_NO_COMMON_BLOCKS = YES;
				GCC_OPTIMIZATION_LEVEL = 0;
				GCC_PREPROCESSOR_DEFINITIONS = (
					"DEBUG=1",
					"$(inherited)",
				);
				GCC_WARN_64_TO_32_BIT_CONVERSION = YES;
				GCC_WARN_ABOUT_RETURN_TYPE = YES_ERROR;
				GCC_WARN_UNDECLARED_SELECTOR = YES;
				GCC_WARN_UNINITIALIZED_AUTOS = YES_AGGRESSIVE;
				GCC_WARN_UNUSED_FUNCTION = YES;
				GCC_WARN_UNUSED_VARIABLE = YES;
				IPHONEOS_DEPLOYMENT_TARGET = 12.1;
				MTL_ENABLE_DEBUG_INFO = INCLUDE_SOURCE;
				MTL_FAST_MATH = YES;
				ONLY_ACTIVE_ARCH = YES;
				SDKROOT = iphoneos;
				SWIFT_ACTIVE_COMPILATION_CONDITIONS = DEBUG;
				SWIFT_OPTIMIZATION_LEVEL = "-Onone";
			};
			name = Debug;
		};
		ED1FC26721C292F900002FA8 /* Release */ = {
			isa = XCBuildConfiguration;
			buildSettings = {
				ALWAYS_SEARCH_USER_PATHS = NO;
				CLANG_ANALYZER_NONNULL = YES;
				CLANG_ANALYZER_NUMBER_OBJECT_CONVERSION = YES_AGGRESSIVE;
				CLANG_CXX_LANGUAGE_STANDARD = "gnu++14";
				CLANG_CXX_LIBRARY = "libc++";
				CLANG_ENABLE_MODULES = YES;
				CLANG_ENABLE_OBJC_ARC = YES;
				CLANG_ENABLE_OBJC_WEAK = YES;
				CLANG_WARN_BLOCK_CAPTURE_AUTORELEASING = YES;
				CLANG_WARN_BOOL_CONVERSION = YES;
				CLANG_WARN_COMMA = YES;
				CLANG_WARN_CONSTANT_CONVERSION = YES;
				CLANG_WARN_DEPRECATED_OBJC_IMPLEMENTATIONS = YES;
				CLANG_WARN_DIRECT_OBJC_ISA_USAGE = YES_ERROR;
				CLANG_WARN_DOCUMENTATION_COMMENTS = YES;
				CLANG_WARN_EMPTY_BODY = YES;
				CLANG_WARN_ENUM_CONVERSION = YES;
				CLANG_WARN_INFINITE_RECURSION = YES;
				CLANG_WARN_INT_CONVERSION = YES;
				CLANG_WARN_NON_LITERAL_NULL_CONVERSION = YES;
				CLANG_WARN_OBJC_IMPLICIT_RETAIN_SELF = YES;
				CLANG_WARN_OBJC_LITERAL_CONVERSION = YES;
				CLANG_WARN_OBJC_ROOT_CLASS = YES_ERROR;
				CLANG_WARN_RANGE_LOOP_ANALYSIS = YES;
				CLANG_WARN_STRICT_PROTOTYPES = YES;
				CLANG_WARN_SUSPICIOUS_MOVE = YES;
				CLANG_WARN_UNGUARDED_AVAILABILITY = YES_AGGRESSIVE;
				CLANG_WARN_UNREACHABLE_CODE = YES;
				CLANG_WARN__DUPLICATE_METHOD_MATCH = YES;
				CODE_SIGN_IDENTITY = "iPhone Developer";
				COPY_PHASE_STRIP = NO;
				DEBUG_INFORMATION_FORMAT = "dwarf-with-dsym";
				ENABLE_NS_ASSERTIONS = NO;
				ENABLE_STRICT_OBJC_MSGSEND = YES;
				GCC_C_LANGUAGE_STANDARD = gnu11;
				GCC_NO_COMMON_BLOCKS = YES;
				GCC_WARN_64_TO_32_BIT_CONVERSION = YES;
				GCC_WARN_ABOUT_RETURN_TYPE = YES_ERROR;
				GCC_WARN_UNDECLARED_SELECTOR = YES;
				GCC_WARN_UNINITIALIZED_AUTOS = YES_AGGRESSIVE;
				GCC_WARN_UNUSED_FUNCTION = YES;
				GCC_WARN_UNUSED_VARIABLE = YES;
				IPHONEOS_DEPLOYMENT_TARGET = 12.1;
				MTL_ENABLE_DEBUG_INFO = NO;
				MTL_FAST_MATH = YES;
				SDKROOT = iphoneos;
				SWIFT_COMPILATION_MODE = wholemodule;
				SWIFT_OPTIMIZATION_LEVEL = "-O";
				VALIDATE_PRODUCT = YES;
			};
			name = Release;
		};
		ED1FC26921C292F900002FA8 /* Debug */ = {
			isa = XCBuildConfiguration;
			buildSettings = {
				ASSETCATALOG_COMPILER_APPICON_NAME = AppIcon;
				CODE_SIGN_STYLE = Automatic;
				DEVELOPMENT_TEAM = RDUR75H7KL;
				INFOPLIST_FILE = Second/Info.plist;
				LD_RUNPATH_SEARCH_PATHS = (
					"$(inherited)",
					"@executable_path/Frameworks",
				);
				PRODUCT_BUNDLE_IDENTIFIER = com.beshbashbosh.Second;
				PRODUCT_NAME = "$(TARGET_NAME)";
				SWIFT_VERSION = 4.2;
				TARGETED_DEVICE_FAMILY = "1,2";
			};
			name = Debug;
		};
		ED1FC26A21C292F900002FA8 /* Release */ = {
			isa = XCBuildConfiguration;
			buildSettings = {
				ASSETCATALOG_COMPILER_APPICON_NAME = AppIcon;
				CODE_SIGN_STYLE = Automatic;
				DEVELOPMENT_TEAM = RDUR75H7KL;
				INFOPLIST_FILE = Second/Info.plist;
				LD_RUNPATH_SEARCH_PATHS = (
					"$(inherited)",
					"@executable_path/Frameworks",
				);
				PRODUCT_BUNDLE_IDENTIFIER = com.beshbashbosh.Second;
				PRODUCT_NAME = "$(TARGET_NAME)";
				SWIFT_VERSION = 4.2;
				TARGETED_DEVICE_FAMILY = "1,2";
			};
			name = Release;
		};
		ED1FC26C21C292F900002FA8 /* Debug */ = {
			isa = XCBuildConfiguration;
			buildSettings = {
				ALWAYS_EMBED_SWIFT_STANDARD_LIBRARIES = YES;
				BUNDLE_LOADER = "$(TEST_HOST)";
				CODE_SIGN_STYLE = Automatic;
				DEVELOPMENT_TEAM = RDUR75H7KL;
				INFOPLIST_FILE = SecondTests/Info.plist;
				LD_RUNPATH_SEARCH_PATHS = (
					"$(inherited)",
					"@executable_path/Frameworks",
					"@loader_path/Frameworks",
				);
				PRODUCT_BUNDLE_IDENTIFIER = com.beshbashbosh.SecondTests;
				PRODUCT_NAME = "$(TARGET_NAME)";
				SWIFT_VERSION = 4.2;
				TARGETED_DEVICE_FAMILY = "1,2";
				TEST_HOST = "$(BUILT_PRODUCTS_DIR)/Second.app/Second";
			};
			name = Debug;
		};
		ED1FC26D21C292F900002FA8 /* Release */ = {
			isa = XCBuildConfiguration;
			buildSettings = {
				ALWAYS_EMBED_SWIFT_STANDARD_LIBRARIES = YES;
				BUNDLE_LOADER = "$(TEST_HOST)";
				CODE_SIGN_STYLE = Automatic;
				DEVELOPMENT_TEAM = RDUR75H7KL;
				INFOPLIST_FILE = SecondTests/Info.plist;
				LD_RUNPATH_SEARCH_PATHS = (
					"$(inherited)",
					"@executable_path/Frameworks",
					"@loader_path/Frameworks",
				);
				PRODUCT_BUNDLE_IDENTIFIER = com.beshbashbosh.SecondTests;
				PRODUCT_NAME = "$(TARGET_NAME)";
				SWIFT_VERSION = 4.2;
				TARGETED_DEVICE_FAMILY = "1,2";
				TEST_HOST = "$(BUILT_PRODUCTS_DIR)/Second.app/Second";
			};
			name = Release;
		};
/* End XCBuildConfiguration section */

/* Begin XCConfigurationList section */
		ED1FC24621C292F400002FA8 /* Build configuration list for PBXProject "Second" */ = {
			isa = XCConfigurationList;
			buildConfigurations = (
				ED1FC26621C292F900002FA8 /* Debug */,
				ED1FC26721C292F900002FA8 /* Release */,
			);
			defaultConfigurationIsVisible = 0;
			defaultConfigurationName = Release;
		};
		ED1FC26821C292F900002FA8 /* Build configuration list for PBXNativeTarget "Second" */ = {
			isa = XCConfigurationList;
			buildConfigurations = (
				ED1FC26921C292F900002FA8 /* Debug */,
				ED1FC26A21C292F900002FA8 /* Release */,
			);
			defaultConfigurationIsVisible = 0;
			defaultConfigurationName = Release;
		};
		ED1FC26B21C292F900002FA8 /* Build configuration list for PBXNativeTarget "SecondTests" */ = {
			isa = XCConfigurationList;
			buildConfigurations = (
				ED1FC26C21C292F900002FA8 /* Debug */,
				ED1FC26D21C292F900002FA8 /* Release */,
			);
			defaultConfigurationIsVisible = 0;
			defaultConfigurationName = Release;
		};
/* End XCConfigurationList section */
	};
	rootObject = ED1FC24321C292F400002FA8 /* Project object */;
}
