// !$*UTF8*$!
{
	archiveVersion = 1;
	classes = {
	};
	objectVersion = 50;
	objects = {

/* Begin PBXBuildFile section */
		1B2785DA21C02AEE00C7B1B8 /* Game.swift in Sources */ = {isa = PBXBuildFile; fileRef = 1B2785D921C02AEE00C7B1B8 /* Game.swift */; };
		1B2785DC21C02B0400C7B1B8 /* GameTests.swift in Sources */ = {isa = PBXBuildFile; fileRef = 1B2785DB21C02B0400C7B1B8 /* GameTests.swift */; };
		ED1FC1CB21BA6E1B00002FA8 /* AppDelegate.swift in Sources */ = {isa = PBXBuildFile; fileRef = ED1FC1CA21BA6E1B00002FA8 /* AppDelegate.swift */; };
		ED1FC1CD21BA6E1B00002FA8 /* ViewController.swift in Sources */ = {isa = PBXBuildFile; fileRef = ED1FC1CC21BA6E1B00002FA8 /* ViewController.swift */; };
		ED1FC1D021BA6E1B00002FA8 /* Main.storyboard in Resources */ = {isa = PBXBuildFile; fileRef = ED1FC1CE21BA6E1B00002FA8 /* Main.storyboard */; };
		ED1FC1D221BA6E2000002FA8 /* Assets.xcassets in Resources */ = {isa = PBXBuildFile; fileRef = ED1FC1D121BA6E2000002FA8 /* Assets.xcassets */; };
		ED1FC1D521BA6E2000002FA8 /* LaunchScreen.storyboard in Resources */ = {isa = PBXBuildFile; fileRef = ED1FC1D321BA6E2000002FA8 /* LaunchScreen.storyboard */; };
		ED1FC1E021BA6E2100002FA8 /* FirstTests.swift in Sources */ = {isa = PBXBuildFile; fileRef = ED1FC1DF21BA6E2100002FA8 /* FirstTests.swift */; };
		ED1FC1EB21BA6E3B00002FA8 /* Hater.swift in Sources */ = {isa = PBXBuildFile; fileRef = ED1FC1EA21BA6E3B00002FA8 /* Hater.swift */; };
		ED1FC21921BAF4DA00002FA8 /* TemperatureConverter.swift in Sources */ = {isa = PBXBuildFile; fileRef = ED1FC21821BAF4DA00002FA8 /* TemperatureConverter.swift */; };
		ED1FC21D21BAF57F00002FA8 /* TemperatiureConverterTests.swift in Sources */ = {isa = PBXBuildFile; fileRef = ED1FC21C21BAF57F00002FA8 /* TemperatiureConverterTests.swift */; };
		ED1FC21F21BB029000002FA8 /* LifecycleTests.swift in Sources */ = {isa = PBXBuildFile; fileRef = ED1FC21E21BB029000002FA8 /* LifecycleTests.swift */; };
		ED1FC22121C266C600002FA8 /* ViewControllerTests.swift in Sources */ = {isa = PBXBuildFile; fileRef = ED1FC22021C266C600002FA8 /* ViewControllerTests.swift */; };
/* End PBXBuildFile section */

/* Begin PBXContainerItemProxy section */
		ED1FC1DC21BA6E2100002FA8 /* PBXContainerItemProxy */ = {
			isa = PBXContainerItemProxy;
			containerPortal = ED1FC1BF21BA6E1B00002FA8 /* Project object */;
			proxyType = 1;
			remoteGlobalIDString = ED1FC1C621BA6E1B00002FA8;
			remoteInfo = First;
		};
/* End PBXContainerItemProxy section */

/* Begin PBXFileReference section */
		1B2785D921C02AEE00C7B1B8 /* Game.swift */ = {isa = PBXFileReference; lastKnownFileType = sourcecode.swift; path = Game.swift; sourceTree = "<group>"; };
		1B2785DB21C02B0400C7B1B8 /* GameTests.swift */ = {isa = PBXFileReference; lastKnownFileType = sourcecode.swift; path = GameTests.swift; sourceTree = "<group>"; };
		ED1FC1C721BA6E1B00002FA8 /* First.app */ = {isa = PBXFileReference; explicitFileType = wrapper.application; includeInIndex = 0; path = First.app; sourceTree = BUILT_PRODUCTS_DIR; };
		ED1FC1CA21BA6E1B00002FA8 /* AppDelegate.swift */ = {isa = PBXFileReference; lastKnownFileType = sourcecode.swift; path = AppDelegate.swift; sourceTree = "<group>"; };
		ED1FC1CC21BA6E1B00002FA8 /* ViewController.swift */ = {isa = PBXFileReference; lastKnownFileType = sourcecode.swift; path = ViewController.swift; sourceTree = "<group>"; };
		ED1FC1CF21BA6E1B00002FA8 /* Base */ = {isa = PBXFileReference; lastKnownFileType = file.storyboard; name = Base; path = Base.lproj/Main.storyboard; sourceTree = "<group>"; };
		ED1FC1D121BA6E2000002FA8 /* Assets.xcassets */ = {isa = PBXFileReference; lastKnownFileType = folder.assetcatalog; path = Assets.xcassets; sourceTree = "<group>"; };
		ED1FC1D421BA6E2000002FA8 /* Base */ = {isa = PBXFileReference; lastKnownFileType = file.storyboard; name = Base; path = Base.lproj/LaunchScreen.storyboard; sourceTree = "<group>"; };
		ED1FC1D621BA6E2000002FA8 /* Info.plist */ = {isa = PBXFileReference; lastKnownFileType = text.plist.xml; path = Info.plist; sourceTree = "<group>"; };
		ED1FC1DB21BA6E2100002FA8 /* FirstTests.xctest */ = {isa = PBXFileReference; explicitFileType = wrapper.cfbundle; includeInIndex = 0; path = FirstTests.xctest; sourceTree = BUILT_PRODUCTS_DIR; };
		ED1FC1DF21BA6E2100002FA8 /* FirstTests.swift */ = {isa = PBXFileReference; lastKnownFileType = sourcecode.swift; path = FirstTests.swift; sourceTree = "<group>"; };
		ED1FC1E121BA6E2100002FA8 /* Info.plist */ = {isa = PBXFileReference; lastKnownFileType = text.plist.xml; path = Info.plist; sourceTree = "<group>"; };
		ED1FC1EA21BA6E3B00002FA8 /* Hater.swift */ = {isa = PBXFileReference; lastKnownFileType = sourcecode.swift; path = Hater.swift; sourceTree = "<group>"; };
		ED1FC21821BAF4DA00002FA8 /* TemperatureConverter.swift */ = {isa = PBXFileReference; lastKnownFileType = sourcecode.swift; path = TemperatureConverter.swift; sourceTree = "<group>"; };
		ED1FC21C21BAF57F00002FA8 /* TemperatiureConverterTests.swift */ = {isa = PBXFileReference; lastKnownFileType = sourcecode.swift; path = TemperatiureConverterTests.swift; sourceTree = "<group>"; };
		ED1FC21E21BB029000002FA8 /* LifecycleTests.swift */ = {isa = PBXFileReference; lastKnownFileType = sourcecode.swift; path = LifecycleTests.swift; sourceTree = "<group>"; };
		ED1FC22021C266C600002FA8 /* ViewControllerTests.swift */ = {isa = PBXFileReference; lastKnownFileType = sourcecode.swift; path = ViewControllerTests.swift; sourceTree = "<group>"; };
/* End PBXFileReference section */

/* Begin PBXFrameworksBuildPhase section */
		ED1FC1C421BA6E1B00002FA8 /* Frameworks */ = {
			isa = PBXFrameworksBuildPhase;
			buildActionMask = 2147483647;
			files = (
			);
			runOnlyForDeploymentPostprocessing = 0;
		};
		ED1FC1D821BA6E2100002FA8 /* Frameworks */ = {
			isa = PBXFrameworksBuildPhase;
			buildActionMask = 2147483647;
			files = (
			);
			runOnlyForDeploymentPostprocessing = 0;
		};
/* End PBXFrameworksBuildPhase section */

/* Begin PBXGroup section */
		ED1FC1BE21BA6E1B00002FA8 = {
			isa = PBXGroup;
			children = (
				ED1FC1C921BA6E1B00002FA8 /* First */,
				ED1FC1DE21BA6E2100002FA8 /* FirstTests */,
				ED1FC1C821BA6E1B00002FA8 /* Products */,
			);
			sourceTree = "<group>";
		};
		ED1FC1C821BA6E1B00002FA8 /* Products */ = {
			isa = PBXGroup;
			children = (
				ED1FC1C721BA6E1B00002FA8 /* First.app */,
				ED1FC1DB21BA6E2100002FA8 /* FirstTests.xctest */,
			);
			name = Products;
			sourceTree = "<group>";
		};
		ED1FC1C921BA6E1B00002FA8 /* First */ = {
			isa = PBXGroup;
			children = (
				ED1FC1CA21BA6E1B00002FA8 /* AppDelegate.swift */,
				ED1FC1CC21BA6E1B00002FA8 /* ViewController.swift */,
				ED1FC1CE21BA6E1B00002FA8 /* Main.storyboard */,
				ED1FC1D121BA6E2000002FA8 /* Assets.xcassets */,
				ED1FC1D321BA6E2000002FA8 /* LaunchScreen.storyboard */,
				ED1FC1D621BA6E2000002FA8 /* Info.plist */,
				ED1FC1EA21BA6E3B00002FA8 /* Hater.swift */,
				ED1FC21821BAF4DA00002FA8 /* TemperatureConverter.swift */,
				1B2785D921C02AEE00C7B1B8 /* Game.swift */,
			);
			path = First;
			sourceTree = "<group>";
		};
		ED1FC1DE21BA6E2100002FA8 /* FirstTests */ = {
			isa = PBXGroup;
			children = (
				ED1FC22021C266C600002FA8 /* ViewControllerTests.swift */,
				ED1FC21E21BB029000002FA8 /* LifecycleTests.swift */,
				ED1FC21C21BAF57F00002FA8 /* TemperatiureConverterTests.swift */,
				ED1FC1DF21BA6E2100002FA8 /* FirstTests.swift */,
				ED1FC1E121BA6E2100002FA8 /* Info.plist */,
				1B2785DB21C02B0400C7B1B8 /* GameTests.swift */,
			);
			path = FirstTests;
			sourceTree = "<group>";
		};
/* End PBXGroup section */

/* Begin PBXNativeTarget section */
		ED1FC1C621BA6E1B00002FA8 /* First */ = {
			isa = PBXNativeTarget;
			buildConfigurationList = ED1FC1E421BA6E2100002FA8 /* Build configuration list for PBXNativeTarget "First" */;
			buildPhases = (
				ED1FC1C321BA6E1B00002FA8 /* Sources */,
				ED1FC1C421BA6E1B00002FA8 /* Frameworks */,
				ED1FC1C521BA6E1B00002FA8 /* Resources */,
			);
			buildRules = (
			);
			dependencies = (
			);
			name = First;
			productName = First;
			productReference = ED1FC1C721BA6E1B00002FA8 /* First.app */;
			productType = "com.apple.product-type.application";
		};
		ED1FC1DA21BA6E2100002FA8 /* FirstTests */ = {
			isa = PBXNativeTarget;
			buildConfigurationList = ED1FC1E721BA6E2100002FA8 /* Build configuration list for PBXNativeTarget "FirstTests" */;
			buildPhases = (
				ED1FC1D721BA6E2100002FA8 /* Sources */,
				ED1FC1D821BA6E2100002FA8 /* Frameworks */,
				ED1FC1D921BA6E2100002FA8 /* Resources */,
			);
			buildRules = (
			);
			dependencies = (
				ED1FC1DD21BA6E2100002FA8 /* PBXTargetDependency */,
			);
			name = FirstTests;
			productName = FirstTests;
			productReference = ED1FC1DB21BA6E2100002FA8 /* FirstTests.xctest */;
			productType = "com.apple.product-type.bundle.unit-test";
		};
/* End PBXNativeTarget section */

/* Begin PBXProject section */
		ED1FC1BF21BA6E1B00002FA8 /* Project object */ = {
			isa = PBXProject;
			attributes = {
				LastSwiftUpdateCheck = 1010;
				LastUpgradeCheck = 1010;
				ORGANIZATIONNAME = beshbashbosh;
				TargetAttributes = {
					ED1FC1C621BA6E1B00002FA8 = {
						CreatedOnToolsVersion = 10.1;
					};
					ED1FC1DA21BA6E2100002FA8 = {
						CreatedOnToolsVersion = 10.1;
						TestTargetID = ED1FC1C621BA6E1B00002FA8;
					};
				};
			};
			buildConfigurationList = ED1FC1C221BA6E1B00002FA8 /* Build configuration list for PBXProject "First" */;
			compatibilityVersion = "Xcode 9.3";
			developmentRegion = en;
			hasScannedForEncodings = 0;
			knownRegions = (
				en,
				Base,
			);
			mainGroup = ED1FC1BE21BA6E1B00002FA8;
			productRefGroup = ED1FC1C821BA6E1B00002FA8 /* Products */;
			projectDirPath = "";
			projectRoot = "";
			targets = (
				ED1FC1C621BA6E1B00002FA8 /* First */,
				ED1FC1DA21BA6E2100002FA8 /* FirstTests */,
			);
		};
/* End PBXProject section */

/* Begin PBXResourcesBuildPhase section */
		ED1FC1C521BA6E1B00002FA8 /* Resources */ = {
			isa = PBXResourcesBuildPhase;
			buildActionMask = 2147483647;
			files = (
				ED1FC1D521BA6E2000002FA8 /* LaunchScreen.storyboard in Resources */,
				ED1FC1D221BA6E2000002FA8 /* Assets.xcassets in Resources */,
				ED1FC1D021BA6E1B00002FA8 /* Main.storyboard in Resources */,
			);
			runOnlyForDeploymentPostprocessing = 0;
		};
		ED1FC1D921BA6E2100002FA8 /* Resources */ = {
			isa = PBXResourcesBuildPhase;
			buildActionMask = 2147483647;
			files = (
			);
			runOnlyForDeploymentPostprocessing = 0;
		};
/* End PBXResourcesBuildPhase section */

/* Begin PBXSourcesBuildPhase section */
		ED1FC1C321BA6E1B00002FA8 /* Sources */ = {
			isa = PBXSourcesBuildPhase;
			buildActionMask = 2147483647;
			files = (
				ED1FC1CD21BA6E1B00002FA8 /* ViewController.swift in Sources */,
				1B2785DA21C02AEE00C7B1B8 /* Game.swift in Sources */,
				ED1FC1CB21BA6E1B00002FA8 /* AppDelegate.swift in Sources */,
				ED1FC1EB21BA6E3B00002FA8 /* Hater.swift in Sources */,
				ED1FC21921BAF4DA00002FA8 /* TemperatureConverter.swift in Sources */,
			);
			runOnlyForDeploymentPostprocessing = 0;
		};
		ED1FC1D721BA6E2100002FA8 /* Sources */ = {
			isa = PBXSourcesBuildPhase;
			buildActionMask = 2147483647;
			files = (
				ED1FC22121C266C600002FA8 /* ViewControllerTests.swift in Sources */,
				ED1FC21D21BAF57F00002FA8 /* TemperatiureConverterTests.swift in Sources */,
				ED1FC21F21BB029000002FA8 /* LifecycleTests.swift in Sources */,
				ED1FC1E021BA6E2100002FA8 /* FirstTests.swift in Sources */,
				1B2785DC21C02B0400C7B1B8 /* GameTests.swift in Sources */,
			);
			runOnlyForDeploymentPostprocessing = 0;
		};
/* End PBXSourcesBuildPhase section */

/* Begin PBXTargetDependency section */
		ED1FC1DD21BA6E2100002FA8 /* PBXTargetDependency */ = {
			isa = PBXTargetDependency;
			target = ED1FC1C621BA6E1B00002FA8 /* First */;
			targetProxy = ED1FC1DC21BA6E2100002FA8 /* PBXContainerItemProxy */;
		};
/* End PBXTargetDependency section */

/* Begin PBXVariantGroup section */
		ED1FC1CE21BA6E1B00002FA8 /* Main.storyboard */ = {
			isa = PBXVariantGroup;
			children = (
				ED1FC1CF21BA6E1B00002FA8 /* Base */,
			);
			name = Main.storyboard;
			sourceTree = "<group>";
		};
		ED1FC1D321BA6E2000002FA8 /* LaunchScreen.storyboard */ = {
			isa = PBXVariantGroup;
			children = (
				ED1FC1D421BA6E2000002FA8 /* Base */,
			);
			name = LaunchScreen.storyboard;
			sourceTree = "<group>";
		};
/* End PBXVariantGroup section */

/* Begin XCBuildConfiguration section */
		ED1FC1E221BA6E2100002FA8 /* Debug */ = {
			isa = XCBuildConfiguration;
			buildSettings = {
				ALWAYS_SEARCH_USER_PATHS = NO;
				CLANG_ANALYZER_NONNULL = YES;
				CLANG_ANALYZER_NUMBER_OBJECT_CONVERSION = YES_AGGRESSIVE;
				CLANG_CXX_LANGUAGE_STANDARD = "gnu++14";
				CLANG_CXX_LIBRARY = "libc++";
				CLANG_ENABLE_MODULES = YES;
				CLANG_ENABLE_OBJC_ARC = YES;
				CLANG_ENABLE_OBJC_WEAK = YES;
				CLANG_WARN_BLOCK_CAPTURE_AUTORELEASING = YES;
				CLANG_WARN_BOOL_CONVERSION = YES;
				CLANG_WARN_COMMA = YES;
				CLANG_WARN_CONSTANT_CONVERSION = YES;
				CLANG_WARN_DEPRECATED_OBJC_IMPLEMENTATIONS = YES;
				CLANG_WARN_DIRECT_OBJC_ISA_USAGE = YES_ERROR;
				CLANG_WARN_DOCUMENTATION_COMMENTS = YES;
				CLANG_WARN_EMPTY_BODY = YES;
				CLANG_WARN_ENUM_CONVERSION = YES;
				CLANG_WARN_INFINITE_RECURSION = YES;
				CLANG_WARN_INT_CONVERSION = YES;
				CLANG_WARN_NON_LITERAL_NULL_CONVERSION = YES;
				CLANG_WARN_OBJC_IMPLICIT_RETAIN_SELF = YES;
				CLANG_WARN_OBJC_LITERAL_CONVERSION = YES;
				CLANG_WARN_OBJC_ROOT_CLASS = YES_ERROR;
				CLANG_WARN_RANGE_LOOP_ANALYSIS = YES;
				CLANG_WARN_STRICT_PROTOTYPES = YES;
				CLANG_WARN_SUSPICIOUS_MOVE = YES;
				CLANG_WARN_UNGUARDED_AVAILABILITY = YES_AGGRESSIVE;
				CLANG_WARN_UNREACHABLE_CODE = YES;
				CLANG_WARN__DUPLICATE_METHOD_MATCH = YES;
				CODE_SIGN_IDENTITY = "iPhone Developer";
				COPY_PHASE_STRIP = NO;
				DEBUG_INFORMATION_FORMAT = dwarf;
				ENABLE_STRICT_OBJC_MSGSEND = YES;
				ENABLE_TESTABILITY = YES;
				GCC_C_LANGUAGE_STANDARD = gnu11;
				GCC_DYNAMIC_NO_PIC = NO;
				GCC_NO_COMMON_BLOCKS = YES;
				GCC_OPTIMIZATION_LEVEL = 0;
				GCC_PREPROCESSOR_DEFINITIONS = (
					"DEBUG=1",
					"$(inherited)",
				);
				GCC_WARN_64_TO_32_BIT_CONVERSION = YES;
				GCC_WARN_ABOUT_RETURN_TYPE = YES_ERROR;
				GCC_WARN_UNDECLARED_SELECTOR = YES;
				GCC_WARN_UNINITIALIZED_AUTOS = YES_AGGRESSIVE;
				GCC_WARN_UNUSED_FUNCTION = YES;
				GCC_WARN_UNUSED_VARIABLE = YES;
				IPHONEOS_DEPLOYMENT_TARGET = 12.1;
				MTL_ENABLE_DEBUG_INFO = INCLUDE_SOURCE;
				MTL_FAST_MATH = YES;
				ONLY_ACTIVE_ARCH = YES;
				SDKROOT = iphoneos;
				SWIFT_ACTIVE_COMPILATION_CONDITIONS = DEBUG;
				SWIFT_OPTIMIZATION_LEVEL = "-Onone";
			};
			name = Debug;
		};
		ED1FC1E321BA6E2100002FA8 /* Release */ = {
			isa = XCBuildConfiguration;
			buildSettings = {
				ALWAYS_SEARCH_USER_PATHS = NO;
				CLANG_ANALYZER_NONNULL = YES;
				CLANG_ANALYZER_NUMBER_OBJECT_CONVERSION = YES_AGGRESSIVE;
				CLANG_CXX_LANGUAGE_STANDARD = "gnu++14";
				CLANG_CXX_LIBRARY = "libc++";
				CLANG_ENABLE_MODULES = YES;
				CLANG_ENABLE_OBJC_ARC = YES;
				CLANG_ENABLE_OBJC_WEAK = YES;
				CLANG_WARN_BLOCK_CAPTURE_AUTORELEASING = YES;
				CLANG_WARN_BOOL_CONVERSION = YES;
				CLANG_WARN_COMMA = YES;
				CLANG_WARN_CONSTANT_CONVERSION = YES;
				CLANG_WARN_DEPRECATED_OBJC_IMPLEMENTATIONS = YES;
				CLANG_WARN_DIRECT_OBJC_ISA_USAGE = YES_ERROR;
				CLANG_WARN_DOCUMENTATION_COMMENTS = YES;
				CLANG_WARN_EMPTY_BODY = YES;
				CLANG_WARN_ENUM_CONVERSION = YES;
				CLANG_WARN_INFINITE_RECURSION = YES;
				CLANG_WARN_INT_CONVERSION = YES;
				CLANG_WARN_NON_LITERAL_NULL_CONVERSION = YES;
				CLANG_WARN_OBJC_IMPLICIT_RETAIN_SELF = YES;
				CLANG_WARN_OBJC_LITERAL_CONVERSION = YES;
				CLANG_WARN_OBJC_ROOT_CLASS = YES_ERROR;
				CLANG_WARN_RANGE_LOOP_ANALYSIS = YES;
				CLANG_WARN_STRICT_PROTOTYPES = YES;
				CLANG_WARN_SUSPICIOUS_MOVE = YES;
				CLANG_WARN_UNGUARDED_AVAILABILITY = YES_AGGRESSIVE;
				CLANG_WARN_UNREACHABLE_CODE = YES;
				CLANG_WARN__DUPLICATE_METHOD_MATCH = YES;
				CODE_SIGN_IDENTITY = "iPhone Developer";
				COPY_PHASE_STRIP = NO;
				DEBUG_INFORMATION_FORMAT = "dwarf-with-dsym";
				ENABLE_NS_ASSERTIONS = NO;
				ENABLE_STRICT_OBJC_MSGSEND = YES;
				GCC_C_LANGUAGE_STANDARD = gnu11;
				GCC_NO_COMMON_BLOCKS = YES;
				GCC_WARN_64_TO_32_BIT_CONVERSION = YES;
				GCC_WARN_ABOUT_RETURN_TYPE = YES_ERROR;
				GCC_WARN_UNDECLARED_SELECTOR = YES;
				GCC_WARN_UNINITIALIZED_AUTOS = YES_AGGRESSIVE;
				GCC_WARN_UNUSED_FUNCTION = YES;
				GCC_WARN_UNUSED_VARIABLE = YES;
				IPHONEOS_DEPLOYMENT_TARGET = 12.1;
				MTL_ENABLE_DEBUG_INFO = NO;
				MTL_FAST_MATH = YES;
				SDKROOT = iphoneos;
				SWIFT_COMPILATION_MODE = wholemodule;
				SWIFT_OPTIMIZATION_LEVEL = "-O";
				VALIDATE_PRODUCT = YES;
			};
			name = Release;
		};
		ED1FC1E521BA6E2100002FA8 /* Debug */ = {
			isa = XCBuildConfiguration;
			buildSettings = {
				ASSETCATALOG_COMPILER_APPICON_NAME = AppIcon;
				CODE_SIGN_STYLE = Automatic;
				DEVELOPMENT_TEAM = RDUR75H7KL;
				INFOPLIST_FILE = First/Info.plist;
				LD_RUNPATH_SEARCH_PATHS = (
					"$(inherited)",
					"@executable_path/Frameworks",
				);
				PRODUCT_BUNDLE_IDENTIFIER = com.beshbashbosh.First;
				PRODUCT_NAME = "$(TARGET_NAME)";
				SWIFT_VERSION = 4.2;
				TARGETED_DEVICE_FAMILY = "1,2";
			};
			name = Debug;
		};
		ED1FC1E621BA6E2100002FA8 /* Release */ = {
			isa = XCBuildConfiguration;
			buildSettings = {
				ASSETCATALOG_COMPILER_APPICON_NAME = AppIcon;
				CODE_SIGN_STYLE = Automatic;
				DEVELOPMENT_TEAM = RDUR75H7KL;
				INFOPLIST_FILE = First/Info.plist;
				LD_RUNPATH_SEARCH_PATHS = (
					"$(inherited)",
					"@executable_path/Frameworks",
				);
				PRODUCT_BUNDLE_IDENTIFIER = com.beshbashbosh.First;
				PRODUCT_NAME = "$(TARGET_NAME)";
				SWIFT_VERSION = 4.2;
				TARGETED_DEVICE_FAMILY = "1,2";
			};
			name = Release;
		};
		ED1FC1E821BA6E2100002FA8 /* Debug */ = {
			isa = XCBuildConfiguration;
			buildSettings = {
				ALWAYS_EMBED_SWIFT_STANDARD_LIBRARIES = YES;
				BUNDLE_LOADER = "$(TEST_HOST)";
				CODE_SIGN_STYLE = Automatic;
				DEVELOPMENT_TEAM = RDUR75H7KL;
				INFOPLIST_FILE = FirstTests/Info.plist;
				LD_RUNPATH_SEARCH_PATHS = (
					"$(inherited)",
					"@executable_path/Frameworks",
					"@loader_path/Frameworks",
				);
				PRODUCT_BUNDLE_IDENTIFIER = com.beshbashbosh.FirstTests;
				PRODUCT_NAME = "$(TARGET_NAME)";
				SWIFT_VERSION = 4.2;
				TARGETED_DEVICE_FAMILY = "1,2";
				TEST_HOST = "$(BUILT_PRODUCTS_DIR)/First.app/First";
			};
			name = Debug;
		};
		ED1FC1E921BA6E2100002FA8 /* Release */ = {
			isa = XCBuildConfiguration;
			buildSettings = {
				ALWAYS_EMBED_SWIFT_STANDARD_LIBRARIES = YES;
				BUNDLE_LOADER = "$(TEST_HOST)";
				CODE_SIGN_STYLE = Automatic;
				DEVELOPMENT_TEAM = RDUR75H7KL;
				INFOPLIST_FILE = FirstTests/Info.plist;
				LD_RUNPATH_SEARCH_PATHS = (
					"$(inherited)",
					"@executable_path/Frameworks",
					"@loader_path/Frameworks",
				);
				PRODUCT_BUNDLE_IDENTIFIER = com.beshbashbosh.FirstTests;
				PRODUCT_NAME = "$(TARGET_NAME)";
				SWIFT_VERSION = 4.2;
				TARGETED_DEVICE_FAMILY = "1,2";
				TEST_HOST = "$(BUILT_PRODUCTS_DIR)/First.app/First";
			};
			name = Release;
		};
/* End XCBuildConfiguration section */

/* Begin XCConfigurationList section */
		ED1FC1C221BA6E1B00002FA8 /* Build configuration list for PBXProject "First" */ = {
			isa = XCConfigurationList;
			buildConfigurations = (
				ED1FC1E221BA6E2100002FA8 /* Debug */,
				ED1FC1E321BA6E2100002FA8 /* Release */,
			);
			defaultConfigurationIsVisible = 0;
			defaultConfigurationName = Release;
		};
		ED1FC1E421BA6E2100002FA8 /* Build configuration list for PBXNativeTarget "First" */ = {
			isa = XCConfigurationList;
			buildConfigurations = (
				ED1FC1E521BA6E2100002FA8 /* Debug */,
				ED1FC1E621BA6E2100002FA8 /* Release */,
			);
			defaultConfigurationIsVisible = 0;
			defaultConfigurationName = Release;
		};
		ED1FC1E721BA6E2100002FA8 /* Build configuration list for PBXNativeTarget "FirstTests" */ = {
			isa = XCConfigurationList;
			buildConfigurations = (
				ED1FC1E821BA6E2100002FA8 /* Debug */,
				ED1FC1E921BA6E2100002FA8 /* Release */,
			);
			defaultConfigurationIsVisible = 0;
			defaultConfigurationName = Release;
		};
/* End XCConfigurationList section */
	};
	rootObject = ED1FC1BF21BA6E1B00002FA8 /* Project object */;
}
